// !$*UTF8*$!
{
	archiveVersion = 1;
	classes = {
	};
	objectVersion = 56;
	objects = {

/* Begin PBXBuildFile section */
		FA4CA0942A812280001BB771 /* ImageCache in Resources */ = {isa = PBXBuildFile; fileRef = FA4CA0932A812280001BB771 /* ImageCache */; };
		FA4CA0962A81228F001BB771 /* ImageCache in Frameworks */ = {isa = PBXBuildFile; productRef = FA4CA0952A81228F001BB771 /* ImageCache */; };
		FA4CA09A2A812740001BB771 /* DoubleRowStyleLayout.swift in Sources */ = {isa = PBXBuildFile; fileRef = FA4CA0992A812740001BB771 /* DoubleRowStyleLayout.swift */; };
		FA4CA09D2A8128A3001BB771 /* PhotoCell.swift in Sources */ = {isa = PBXBuildFile; fileRef = FA4CA09C2A8128A3001BB771 /* PhotoCell.swift */; };
		FA4CA09F2A81296F001BB771 /* PhotoListHeaderView.swift in Sources */ = {isa = PBXBuildFile; fileRef = FA4CA09E2A81296F001BB771 /* PhotoListHeaderView.swift */; };
		FA4CA0A22A8129D3001BB771 /* PaddingTextField.swift in Sources */ = {isa = PBXBuildFile; fileRef = FA4CA0A12A8129D3001BB771 /* PaddingTextField.swift */; };
		FA4CA0A52A812B2A001BB771 /* PhotoListViewModel.swift in Sources */ = {isa = PBXBuildFile; fileRef = FA4CA0A42A812B2A001BB771 /* PhotoListViewModel.swift */; };
		FADD66632A80D83800AECC0D /* AppDelegate.swift in Sources */ = {isa = PBXBuildFile; fileRef = FADD66622A80D83800AECC0D /* AppDelegate.swift */; };
		FADD66652A80D83800AECC0D /* SceneDelegate.swift in Sources */ = {isa = PBXBuildFile; fileRef = FADD66642A80D83800AECC0D /* SceneDelegate.swift */; };
		FADD666A2A80D83800AECC0D /* Main.storyboard in Resources */ = {isa = PBXBuildFile; fileRef = FADD66682A80D83800AECC0D /* Main.storyboard */; };
		FADD666D2A80D83800AECC0D /* Qardio_App.xcdatamodeld in Sources */ = {isa = PBXBuildFile; fileRef = FADD666B2A80D83800AECC0D /* Qardio_App.xcdatamodeld */; };
		FADD666F2A80D83B00AECC0D /* Assets.xcassets in Resources */ = {isa = PBXBuildFile; fileRef = FADD666E2A80D83B00AECC0D /* Assets.xcassets */; };
		FADD66722A80D83B00AECC0D /* LaunchScreen.storyboard in Resources */ = {isa = PBXBuildFile; fileRef = FADD66702A80D83B00AECC0D /* LaunchScreen.storyboard */; };
		FADD667B2A80DCEF00AECC0D /* PhotoListViewController.swift in Sources */ = {isa = PBXBuildFile; fileRef = FADD667A2A80DCEF00AECC0D /* PhotoListViewController.swift */; };
		FADD667E2A80E20A00AECC0D /* Request.swift in Sources */ = {isa = PBXBuildFile; fileRef = FADD667D2A80E20A00AECC0D /* Request.swift */; };
		FADD66802A80E55B00AECC0D /* HTTPStatusCode.swift in Sources */ = {isa = PBXBuildFile; fileRef = FADD667F2A80E55B00AECC0D /* HTTPStatusCode.swift */; };
		FADD66822A80E99400AECC0D /* NetworkManager.swift in Sources */ = {isa = PBXBuildFile; fileRef = FADD66812A80E99400AECC0D /* NetworkManager.swift */; };
		FADD66842A80EC5400AECC0D /* NetworkError.swift in Sources */ = {isa = PBXBuildFile; fileRef = FADD66832A80EC5400AECC0D /* NetworkError.swift */; };
		FADD66862A80ED5C00AECC0D /* DataParser.swift in Sources */ = {isa = PBXBuildFile; fileRef = FADD66852A80ED5C00AECC0D /* DataParser.swift */; };
		FADD66882A80ED8700AECC0D /* NetworkService.swift in Sources */ = {isa = PBXBuildFile; fileRef = FADD66872A80ED8700AECC0D /* NetworkService.swift */; };
		FADD668B2A80EDE900AECC0D /* PhotosListResponse.swift in Sources */ = {isa = PBXBuildFile; fileRef = FADD668A2A80EDE900AECC0D /* PhotosListResponse.swift */; };
		FADD668D2A80EF6A00AECC0D /* Photo.swift in Sources */ = {isa = PBXBuildFile; fileRef = FADD668C2A80EF6A00AECC0D /* Photo.swift */; };
		FADD668F2A80FCF800AECC0D /* KeyedDecodingContainer.swift in Sources */ = {isa = PBXBuildFile; fileRef = FADD668E2A80FCF800AECC0D /* KeyedDecodingContainer.swift */; };
/* End PBXBuildFile section */

/* Begin PBXFileReference section */
		FA4CA0932A812280001BB771 /* ImageCache */ = {isa = PBXFileReference; lastKnownFileType = wrapper; path = ImageCache; sourceTree = "<group>"; };
		FA4CA0992A812740001BB771 /* DoubleRowStyleLayout.swift */ = {isa = PBXFileReference; lastKnownFileType = sourcecode.swift; path = DoubleRowStyleLayout.swift; sourceTree = "<group>"; };
		FA4CA09C2A8128A3001BB771 /* PhotoCell.swift */ = {isa = PBXFileReference; lastKnownFileType = sourcecode.swift; path = PhotoCell.swift; sourceTree = "<group>"; };
		FA4CA09E2A81296F001BB771 /* PhotoListHeaderView.swift */ = {isa = PBXFileReference; lastKnownFileType = sourcecode.swift; path = PhotoListHeaderView.swift; sourceTree = "<group>"; };
		FA4CA0A12A8129D3001BB771 /* PaddingTextField.swift */ = {isa = PBXFileReference; lastKnownFileType = sourcecode.swift; path = PaddingTextField.swift; sourceTree = "<group>"; };
		FA4CA0A42A812B2A001BB771 /* PhotoListViewModel.swift */ = {isa = PBXFileReference; lastKnownFileType = sourcecode.swift; path = PhotoListViewModel.swift; sourceTree = "<group>"; };
		FADD665F2A80D83800AECC0D /* Qardio App.app */ = {isa = PBXFileReference; explicitFileType = wrapper.application; includeInIndex = 0; path = "Qardio App.app"; sourceTree = BUILT_PRODUCTS_DIR; };
		FADD66622A80D83800AECC0D /* AppDelegate.swift */ = {isa = PBXFileReference; lastKnownFileType = sourcecode.swift; path = AppDelegate.swift; sourceTree = "<group>"; };
		FADD66642A80D83800AECC0D /* SceneDelegate.swift */ = {isa = PBXFileReference; lastKnownFileType = sourcecode.swift; path = SceneDelegate.swift; sourceTree = "<group>"; };
		FADD66692A80D83800AECC0D /* Base */ = {isa = PBXFileReference; lastKnownFileType = file.storyboard; name = Base; path = Base.lproj/Main.storyboard; sourceTree = "<group>"; };
		FADD666C2A80D83800AECC0D /* Qardio_App.xcdatamodel */ = {isa = PBXFileReference; lastKnownFileType = wrapper.xcdatamodel; path = Qardio_App.xcdatamodel; sourceTree = "<group>"; };
		FADD666E2A80D83B00AECC0D /* Assets.xcassets */ = {isa = PBXFileReference; lastKnownFileType = folder.assetcatalog; path = Assets.xcassets; sourceTree = "<group>"; };
		FADD66712A80D83B00AECC0D /* Base */ = {isa = PBXFileReference; lastKnownFileType = file.storyboard; name = Base; path = Base.lproj/LaunchScreen.storyboard; sourceTree = "<group>"; };
		FADD66732A80D83B00AECC0D /* Info.plist */ = {isa = PBXFileReference; lastKnownFileType = text.plist.xml; path = Info.plist; sourceTree = "<group>"; };
		FADD667A2A80DCEF00AECC0D /* PhotoListViewController.swift */ = {isa = PBXFileReference; lastKnownFileType = sourcecode.swift; path = PhotoListViewController.swift; sourceTree = "<group>"; };
		FADD667D2A80E20A00AECC0D /* Request.swift */ = {isa = PBXFileReference; lastKnownFileType = sourcecode.swift; path = Request.swift; sourceTree = "<group>"; };
		FADD667F2A80E55B00AECC0D /* HTTPStatusCode.swift */ = {isa = PBXFileReference; lastKnownFileType = sourcecode.swift; path = HTTPStatusCode.swift; sourceTree = "<group>"; };
		FADD66812A80E99400AECC0D /* NetworkManager.swift */ = {isa = PBXFileReference; lastKnownFileType = sourcecode.swift; path = NetworkManager.swift; sourceTree = "<group>"; };
		FADD66832A80EC5400AECC0D /* NetworkError.swift */ = {isa = PBXFileReference; lastKnownFileType = sourcecode.swift; path = NetworkError.swift; sourceTree = "<group>"; };
		FADD66852A80ED5C00AECC0D /* DataParser.swift */ = {isa = PBXFileReference; lastKnownFileType = sourcecode.swift; path = DataParser.swift; sourceTree = "<group>"; };
		FADD66872A80ED8700AECC0D /* NetworkService.swift */ = {isa = PBXFileReference; lastKnownFileType = sourcecode.swift; path = NetworkService.swift; sourceTree = "<group>"; };
		FADD668A2A80EDE900AECC0D /* PhotosListResponse.swift */ = {isa = PBXFileReference; lastKnownFileType = sourcecode.swift; path = PhotosListResponse.swift; sourceTree = "<group>"; };
		FADD668C2A80EF6A00AECC0D /* Photo.swift */ = {isa = PBXFileReference; lastKnownFileType = sourcecode.swift; path = Photo.swift; sourceTree = "<group>"; };
		FADD668E2A80FCF800AECC0D /* KeyedDecodingContainer.swift */ = {isa = PBXFileReference; lastKnownFileType = sourcecode.swift; path = KeyedDecodingContainer.swift; sourceTree = "<group>"; };
/* End PBXFileReference section */

/* Begin PBXFrameworksBuildPhase section */
		FADD665C2A80D83800AECC0D /* Frameworks */ = {
			isa = PBXFrameworksBuildPhase;
			buildActionMask = 2147483647;
			files = (
				FA4CA0962A81228F001BB771 /* ImageCache in Frameworks */,
			);
			runOnlyForDeploymentPostprocessing = 0;
		};
/* End PBXFrameworksBuildPhase section */

/* Begin PBXGroup section */
		FA4CA08F2A8121E7001BB771 /* Frameworks */ = {
			isa = PBXGroup;
			children = (
				FA4CA0922A812280001BB771 /* Packages */,
			);
			name = Frameworks;
			sourceTree = "<group>";
		};
		FA4CA0922A812280001BB771 /* Packages */ = {
			isa = PBXGroup;
			children = (
				FA4CA0932A812280001BB771 /* ImageCache */,
			);
			path = Packages;
			sourceTree = "<group>";
		};
		FA4CA0982A8126F1001BB771 /* Layouts */ = {
			isa = PBXGroup;
			children = (
				FA4CA0992A812740001BB771 /* DoubleRowStyleLayout.swift */,
			);
			path = Layouts;
			sourceTree = "<group>";
		};
		FA4CA09B2A81288D001BB771 /* Views */ = {
			isa = PBXGroup;
			children = (
				FA4CA09C2A8128A3001BB771 /* PhotoCell.swift */,
				FA4CA09E2A81296F001BB771 /* PhotoListHeaderView.swift */,
			);
			path = Views;
			sourceTree = "<group>";
		};
		FA4CA0A02A8129BB001BB771 /* Support */ = {
			isa = PBXGroup;
			children = (
				FA4CA0A12A8129D3001BB771 /* PaddingTextField.swift */,
			);
			path = Support;
			sourceTree = "<group>";
		};
		FA4CA0A32A812B10001BB771 /* ViewModel */ = {
			isa = PBXGroup;
			children = (
				FA4CA0A42A812B2A001BB771 /* PhotoListViewModel.swift */,
			);
			path = ViewModel;
			sourceTree = "<group>";
		};
		FADD66562A80D83800AECC0D = {
			isa = PBXGroup;
			children = (
				FADD66612A80D83800AECC0D /* Qardio App */,
				FADD66602A80D83800AECC0D /* Products */,
				FA4CA08F2A8121E7001BB771 /* Frameworks */,
			);
			sourceTree = "<group>";
		};
		FADD66602A80D83800AECC0D /* Products */ = {
			isa = PBXGroup;
			children = (
				FADD665F2A80D83800AECC0D /* Qardio App.app */,
			);
			name = Products;
			sourceTree = "<group>";
		};
		FADD66612A80D83800AECC0D /* Qardio App */ = {
			isa = PBXGroup;
			children = (
				FADD66622A80D83800AECC0D /* AppDelegate.swift */,
				FADD66642A80D83800AECC0D /* SceneDelegate.swift */,
				FADD66892A80EDC500AECC0D /* Model */,
				FADD667C2A80E1D600AECC0D /* NetworkManager */,
				FADD66792A80DCD100AECC0D /* ViewControllers */,
				FA4CA09B2A81288D001BB771 /* Views */,
				FA4CA0A32A812B10001BB771 /* ViewModel */,
				FA4CA0982A8126F1001BB771 /* Layouts */,
				FA4CA0A02A8129BB001BB771 /* Support */,
				FADD66682A80D83800AECC0D /* Main.storyboard */,
				FADD666E2A80D83B00AECC0D /* Assets.xcassets */,
				FADD66702A80D83B00AECC0D /* LaunchScreen.storyboard */,
				FADD66732A80D83B00AECC0D /* Info.plist */,
				FADD666B2A80D83800AECC0D /* Qardio_App.xcdatamodeld */,
			);
			path = "Qardio App";
			sourceTree = "<group>";
		};
		FADD66792A80DCD100AECC0D /* ViewControllers */ = {
			isa = PBXGroup;
			children = (
				FADD667A2A80DCEF00AECC0D /* PhotoListViewController.swift */,
			);
			path = ViewControllers;
			sourceTree = "<group>";
		};
		FADD667C2A80E1D600AECC0D /* NetworkManager */ = {
			isa = PBXGroup;
			children = (
				FADD667D2A80E20A00AECC0D /* Request.swift */,
				FADD667F2A80E55B00AECC0D /* HTTPStatusCode.swift */,
				FADD66812A80E99400AECC0D /* NetworkManager.swift */,
				FADD66832A80EC5400AECC0D /* NetworkError.swift */,
				FADD66852A80ED5C00AECC0D /* DataParser.swift */,
				FADD668E2A80FCF800AECC0D /* KeyedDecodingContainer.swift */,
				FADD66872A80ED8700AECC0D /* NetworkService.swift */,
			);
			path = NetworkManager;
			sourceTree = "<group>";
		};
		FADD66892A80EDC500AECC0D /* Model */ = {
			isa = PBXGroup;
			children = (
				FADD668A2A80EDE900AECC0D /* PhotosListResponse.swift */,
				FADD668C2A80EF6A00AECC0D /* Photo.swift */,
			);
			path = Model;
			sourceTree = "<group>";
		};
/* End PBXGroup section */

/* Begin PBXNativeTarget section */
		FADD665E2A80D83800AECC0D /* Qardio App */ = {
			isa = PBXNativeTarget;
			buildConfigurationList = FADD66762A80D83B00AECC0D /* Build configuration list for PBXNativeTarget "Qardio App" */;
			buildPhases = (
				FADD665B2A80D83800AECC0D /* Sources */,
				FADD665C2A80D83800AECC0D /* Frameworks */,
				FADD665D2A80D83800AECC0D /* Resources */,
			);
			buildRules = (
			);
			dependencies = (
			);
			name = "Qardio App";
			packageProductDependencies = (
				FA4CA0952A81228F001BB771 /* ImageCache */,
			);
			productName = "Qardio App";
			productReference = FADD665F2A80D83800AECC0D /* Qardio App.app */;
			productType = "com.apple.product-type.application";
		};
/* End PBXNativeTarget section */

/* Begin PBXProject section */
		FADD66572A80D83800AECC0D /* Project object */ = {
			isa = PBXProject;
			attributes = {
				BuildIndependentTargetsInParallel = 1;
				LastSwiftUpdateCheck = 1420;
				LastUpgradeCheck = 1420;
				TargetAttributes = {
					FADD665E2A80D83800AECC0D = {
						CreatedOnToolsVersion = 14.2;
					};
				};
			};
			buildConfigurationList = FADD665A2A80D83800AECC0D /* Build configuration list for PBXProject "Qardio App" */;
			compatibilityVersion = "Xcode 14.0";
			developmentRegion = en;
			hasScannedForEncodings = 0;
			knownRegions = (
				en,
				Base,
			);
			mainGroup = FADD66562A80D83800AECC0D;
			productRefGroup = FADD66602A80D83800AECC0D /* Products */;
			projectDirPath = "";
			projectRoot = "";
			targets = (
				FADD665E2A80D83800AECC0D /* Qardio App */,
			);
		};
/* End PBXProject section */

/* Begin PBXResourcesBuildPhase section */
		FADD665D2A80D83800AECC0D /* Resources */ = {
			isa = PBXResourcesBuildPhase;
			buildActionMask = 2147483647;
			files = (
				FADD66722A80D83B00AECC0D /* LaunchScreen.storyboard in Resources */,
				FA4CA0942A812280001BB771 /* ImageCache in Resources */,
				FADD666F2A80D83B00AECC0D /* Assets.xcassets in Resources */,
				FADD666A2A80D83800AECC0D /* Main.storyboard in Resources */,
			);
			runOnlyForDeploymentPostprocessing = 0;
		};
/* End PBXResourcesBuildPhase section */

/* Begin PBXSourcesBuildPhase section */
		FADD665B2A80D83800AECC0D /* Sources */ = {
			isa = PBXSourcesBuildPhase;
			buildActionMask = 2147483647;
			files = (
				FADD668D2A80EF6A00AECC0D /* Photo.swift in Sources */,
				FA4CA09D2A8128A3001BB771 /* PhotoCell.swift in Sources */,
				FADD66882A80ED8700AECC0D /* NetworkService.swift in Sources */,
				FADD66802A80E55B00AECC0D /* HTTPStatusCode.swift in Sources */,
				FA4CA09A2A812740001BB771 /* DoubleRowStyleLayout.swift in Sources */,
				FADD66842A80EC5400AECC0D /* NetworkError.swift in Sources */,
				FA4CA0A22A8129D3001BB771 /* PaddingTextField.swift in Sources */,
				FADD66632A80D83800AECC0D /* AppDelegate.swift in Sources */,
				FADD667B2A80DCEF00AECC0D /* PhotoListViewController.swift in Sources */,
				FADD66822A80E99400AECC0D /* NetworkManager.swift in Sources */,
				FADD668B2A80EDE900AECC0D /* PhotosListResponse.swift in Sources */,
				FADD667E2A80E20A00AECC0D /* Request.swift in Sources */,
				FADD66652A80D83800AECC0D /* SceneDelegate.swift in Sources */,
				FA4CA0A52A812B2A001BB771 /* PhotoListViewModel.swift in Sources */,
				FADD666D2A80D83800AECC0D /* Qardio_App.xcdatamodeld in Sources */,
				FADD66862A80ED5C00AECC0D /* DataParser.swift in Sources */,
				FA4CA09F2A81296F001BB771 /* PhotoListHeaderView.swift in Sources */,
				FADD668F2A80FCF800AECC0D /* KeyedDecodingContainer.swift in Sources */,
			);
			runOnlyForDeploymentPostprocessing = 0;
		};
/* End PBXSourcesBuildPhase section */

/* Begin PBXVariantGroup section */
		FADD66682A80D83800AECC0D /* Main.storyboard */ = {
			isa = PBXVariantGroup;
			children = (
				FADD66692A80D83800AECC0D /* Base */,
			);
			name = Main.storyboard;
			sourceTree = "<group>";
		};
		FADD66702A80D83B00AECC0D /* LaunchScreen.storyboard */ = {
			isa = PBXVariantGroup;
			children = (
				FADD66712A80D83B00AECC0D /* Base */,
			);
			name = LaunchScreen.storyboard;
			sourceTree = "<group>";
		};
/* End PBXVariantGroup section */

/* Begin XCBuildConfiguration section */
		FADD66742A80D83B00AECC0D /* Debug */ = {
			isa = XCBuildConfiguration;
			buildSettings = {
				ALWAYS_SEARCH_USER_PATHS = NO;
				CLANG_ANALYZER_NONNULL = YES;
				CLANG_ANALYZER_NUMBER_OBJECT_CONVERSION = YES_AGGRESSIVE;
				CLANG_CXX_LANGUAGE_STANDARD = "gnu++20";
				CLANG_ENABLE_MODULES = YES;
				CLANG_ENABLE_OBJC_ARC = YES;
				CLANG_ENABLE_OBJC_WEAK = YES;
				CLANG_WARN_BLOCK_CAPTURE_AUTORELEASING = YES;
				CLANG_WARN_BOOL_CONVERSION = YES;
				CLANG_WARN_COMMA = YES;
				CLANG_WARN_CONSTANT_CONVERSION = YES;
				CLANG_WARN_DEPRECATED_OBJC_IMPLEMENTATIONS = YES;
				CLANG_WARN_DIRECT_OBJC_ISA_USAGE = YES_ERROR;
				CLANG_WARN_DOCUMENTATION_COMMENTS = YES;
				CLANG_WARN_EMPTY_BODY = YES;
				CLANG_WARN_ENUM_CONVERSION = YES;
				CLANG_WARN_INFINITE_RECURSION = YES;
				CLANG_WARN_INT_CONVERSION = YES;
				CLANG_WARN_NON_LITERAL_NULL_CONVERSION = YES;
				CLANG_WARN_OBJC_IMPLICIT_RETAIN_SELF = YES;
				CLANG_WARN_OBJC_LITERAL_CONVERSION = YES;
				CLANG_WARN_OBJC_ROOT_CLASS = YES_ERROR;
				CLANG_WARN_QUOTED_INCLUDE_IN_FRAMEWORK_HEADER = YES;
				CLANG_WARN_RANGE_LOOP_ANALYSIS = YES;
				CLANG_WARN_STRICT_PROTOTYPES = YES;
				CLANG_WARN_SUSPICIOUS_MOVE = YES;
				CLANG_WARN_UNGUARDED_AVAILABILITY = YES_AGGRESSIVE;
				CLANG_WARN_UNREACHABLE_CODE = YES;
				CLANG_WARN__DUPLICATE_METHOD_MATCH = YES;
				COPY_PHASE_STRIP = NO;
				DEBUG_INFORMATION_FORMAT = dwarf;
				ENABLE_STRICT_OBJC_MSGSEND = YES;
				ENABLE_TESTABILITY = YES;
				GCC_C_LANGUAGE_STANDARD = gnu11;
				GCC_DYNAMIC_NO_PIC = NO;
				GCC_NO_COMMON_BLOCKS = YES;
				GCC_OPTIMIZATION_LEVEL = 0;
				GCC_PREPROCESSOR_DEFINITIONS = (
					"DEBUG=1",
					"$(inherited)",
				);
				GCC_WARN_64_TO_32_BIT_CONVERSION = YES;
				GCC_WARN_ABOUT_RETURN_TYPE = YES_ERROR;
				GCC_WARN_UNDECLARED_SELECTOR = YES;
				GCC_WARN_UNINITIALIZED_AUTOS = YES_AGGRESSIVE;
				GCC_WARN_UNUSED_FUNCTION = YES;
				GCC_WARN_UNUSED_VARIABLE = YES;
				IPHONEOS_DEPLOYMENT_TARGET = 16.2;
				MTL_ENABLE_DEBUG_INFO = INCLUDE_SOURCE;
				MTL_FAST_MATH = YES;
				ONLY_ACTIVE_ARCH = YES;
				SDKROOT = iphoneos;
				SWIFT_ACTIVE_COMPILATION_CONDITIONS = DEBUG;
				SWIFT_OPTIMIZATION_LEVEL = "-Onone";
			};
			name = Debug;
		};
		FADD66752A80D83B00AECC0D /* Release */ = {
			isa = XCBuildConfiguration;
			buildSettings = {
				ALWAYS_SEARCH_USER_PATHS = NO;
				CLANG_ANALYZER_NONNULL = YES;
				CLANG_ANALYZER_NUMBER_OBJECT_CONVERSION = YES_AGGRESSIVE;
				CLANG_CXX_LANGUAGE_STANDARD = "gnu++20";
				CLANG_ENABLE_MODULES = YES;
				CLANG_ENABLE_OBJC_ARC = YES;
				CLANG_ENABLE_OBJC_WEAK = YES;
				CLANG_WARN_BLOCK_CAPTURE_AUTORELEASING = YES;
				CLANG_WARN_BOOL_CONVERSION = YES;
				CLANG_WARN_COMMA = YES;
				CLANG_WARN_CONSTANT_CONVERSION = YES;
				CLANG_WARN_DEPRECATED_OBJC_IMPLEMENTATIONS = YES;
				CLANG_WARN_DIRECT_OBJC_ISA_USAGE = YES_ERROR;
				CLANG_WARN_DOCUMENTATION_COMMENTS = YES;
				CLANG_WARN_EMPTY_BODY = YES;
				CLANG_WARN_ENUM_CONVERSION = YES;
				CLANG_WARN_INFINITE_RECURSION = YES;
				CLANG_WARN_INT_CONVERSION = YES;
				CLANG_WARN_NON_LITERAL_NULL_CONVERSION = YES;
				CLANG_WARN_OBJC_IMPLICIT_RETAIN_SELF = YES;
				CLANG_WARN_OBJC_LITERAL_CONVERSION = YES;
				CLANG_WARN_OBJC_ROOT_CLASS = YES_ERROR;
				CLANG_WARN_QUOTED_INCLUDE_IN_FRAMEWORK_HEADER = YES;
				CLANG_WARN_RANGE_LOOP_ANALYSIS = YES;
				CLANG_WARN_STRICT_PROTOTYPES = YES;
				CLANG_WARN_SUSPICIOUS_MOVE = YES;
				CLANG_WARN_UNGUARDED_AVAILABILITY = YES_AGGRESSIVE;
				CLANG_WARN_UNREACHABLE_CODE = YES;
				CLANG_WARN__DUPLICATE_METHOD_MATCH = YES;
				COPY_PHASE_STRIP = NO;
				DEBUG_INFORMATION_FORMAT = "dwarf-with-dsym";
				ENABLE_NS_ASSERTIONS = NO;
				ENABLE_STRICT_OBJC_MSGSEND = YES;
				GCC_C_LANGUAGE_STANDARD = gnu11;
				GCC_NO_COMMON_BLOCKS = YES;
				GCC_WARN_64_TO_32_BIT_CONVERSION = YES;
				GCC_WARN_ABOUT_RETURN_TYPE = YES_ERROR;
				GCC_WARN_UNDECLARED_SELECTOR = YES;
				GCC_WARN_UNINITIALIZED_AUTOS = YES_AGGRESSIVE;
				GCC_WARN_UNUSED_FUNCTION = YES;
				GCC_WARN_UNUSED_VARIABLE = YES;
				IPHONEOS_DEPLOYMENT_TARGET = 16.2;
				MTL_ENABLE_DEBUG_INFO = NO;
				MTL_FAST_MATH = YES;
				SDKROOT = iphoneos;
				SWIFT_COMPILATION_MODE = wholemodule;
				SWIFT_OPTIMIZATION_LEVEL = "-O";
				VALIDATE_PRODUCT = YES;
			};
			name = Release;
		};
		FADD66772A80D83B00AECC0D /* Debug */ = {
			isa = XCBuildConfiguration;
			buildSettings = {
				ASSETCATALOG_COMPILER_APPICON_NAME = AppIcon;
				ASSETCATALOG_COMPILER_GLOBAL_ACCENT_COLOR_NAME = AccentColor;
				CODE_SIGN_STYLE = Automatic;
				CURRENT_PROJECT_VERSION = 1;
				GENERATE_INFOPLIST_FILE = YES;
				INFOPLIST_FILE = "Qardio App/Info.plist";
				INFOPLIST_KEY_UIApplicationSupportsIndirectInputEvents = YES;
				INFOPLIST_KEY_UILaunchStoryboardName = LaunchScreen;
				INFOPLIST_KEY_UIMainStoryboardFile = Main;
				INFOPLIST_KEY_UISupportedInterfaceOrientations_iPad = "UIInterfaceOrientationPortrait UIInterfaceOrientationPortraitUpsideDown UIInterfaceOrientationLandscapeLeft UIInterfaceOrientationLandscapeRight";
				INFOPLIST_KEY_UISupportedInterfaceOrientations_iPhone = "UIInterfaceOrientationPortrait UIInterfaceOrientationLandscapeLeft UIInterfaceOrientationLandscapeRight";
				LD_RUNPATH_SEARCH_PATHS = (
					"$(inherited)",
					"@executable_path/Frameworks",
				);
				MARKETING_VERSION = 1.0;
				PRODUCT_BUNDLE_IDENTIFIER = "alex.com.Qardio-App";
				PRODUCT_NAME = "$(TARGET_NAME)";
				SWIFT_EMIT_LOC_STRINGS = YES;
				SWIFT_VERSION = 5.0;
				TARGETED_DEVICE_FAMILY = "1,2";
			};
			name = Debug;
		};
		FADD66782A80D83B00AECC0D /* Release */ = {
			isa = XCBuildConfiguration;
			buildSettings = {
				ASSETCATALOG_COMPILER_APPICON_NAME = AppIcon;
				ASSETCATALOG_COMPILER_GLOBAL_ACCENT_COLOR_NAME = AccentColor;
				CODE_SIGN_STYLE = Automatic;
				CURRENT_PROJECT_VERSION = 1;
				GENERATE_INFOPLIST_FILE = YES;
				INFOPLIST_FILE = "Qardio App/Info.plist";
				INFOPLIST_KEY_UIApplicationSupportsIndirectInputEvents = YES;
				INFOPLIST_KEY_UILaunchStoryboardName = LaunchScreen;
				INFOPLIST_KEY_UIMainStoryboardFile = Main;
				INFOPLIST_KEY_UISupportedInterfaceOrientations_iPad = "UIInterfaceOrientationPortrait UIInterfaceOrientationPortraitUpsideDown UIInterfaceOrientationLandscapeLeft UIInterfaceOrientationLandscapeRight";
				INFOPLIST_KEY_UISupportedInterfaceOrientations_iPhone = "UIInterfaceOrientationPortrait UIInterfaceOrientationLandscapeLeft UIInterfaceOrientationLandscapeRight";
				LD_RUNPATH_SEARCH_PATHS = (
					"$(inherited)",
					"@executable_path/Frameworks",
				);
				MARKETING_VERSION = 1.0;
				PRODUCT_BUNDLE_IDENTIFIER = "alex.com.Qardio-App";
				PRODUCT_NAME = "$(TARGET_NAME)";
				SWIFT_EMIT_LOC_STRINGS = YES;
				SWIFT_VERSION = 5.0;
				TARGETED_DEVICE_FAMILY = "1,2";
			};
			name = Release;
		};
/* End XCBuildConfiguration section */

/* Begin XCConfigurationList section */
		FADD665A2A80D83800AECC0D /* Build configuration list for PBXProject "Qardio App" */ = {
			isa = XCConfigurationList;
			buildConfigurations = (
				FADD66742A80D83B00AECC0D /* Debug */,
				FADD66752A80D83B00AECC0D /* Release */,
			);
			defaultConfigurationIsVisible = 0;
			defaultConfigurationName = Release;
		};
		FADD66762A80D83B00AECC0D /* Build configuration list for PBXNativeTarget "Qardio App" */ = {
			isa = XCConfigurationList;
			buildConfigurations = (
				FADD66772A80D83B00AECC0D /* Debug */,
				FADD66782A80D83B00AECC0D /* Release */,
			);
			defaultConfigurationIsVisible = 0;
			defaultConfigurationName = Release;
		};
/* End XCConfigurationList section */

/* Begin XCSwiftPackageProductDependency section */
		FA4CA0952A81228F001BB771 /* ImageCache */ = {
			isa = XCSwiftPackageProductDependency;
			productName = ImageCache;
		};
/* End XCSwiftPackageProductDependency section */

/* Begin XCVersionGroup section */
		FADD666B2A80D83800AECC0D /* Qardio_App.xcdatamodeld */ = {
			isa = XCVersionGroup;
			children = (
				FADD666C2A80D83800AECC0D /* Qardio_App.xcdatamodel */,
			);
			currentVersion = FADD666C2A80D83800AECC0D /* Qardio_App.xcdatamodel */;
			path = Qardio_App.xcdatamodeld;
			sourceTree = "<group>";
			versionGroupType = wrapper.xcdatamodel;
		};
/* End XCVersionGroup section */
	};
	rootObject = FADD66572A80D83800AECC0D /* Project object */;
}
